
Microsoft Visual Studio Solution File, Format Version 12.00
# Visual Studio Version 17
VisualStudioVersion = 17.9.34714.143
MinimumVisualStudioVersion = 10.0.40219.1
Project("{FAE04EC0-301F-11D3-BF4B-00C04F79EFBC}") = "test11", "test11\test11.csproj", "{450CF85D-32F0-43B3-8E73-4609048DF2E1}"
EndProject
Global
	GlobalSection(SolutionConfigurationPlatforms) = preSolution
		Debug|Any CPU = Debug|Any CPU
		Release|Any CPU = Release|Any CPU
	EndGlobalSection
	GlobalSection(ProjectConfigurationPlatforms) = postSolution
		{450CF85D-32F0-43B3-8E73-4609048DF2E1}.Debug|Any CPU.ActiveCfg = Debug|Any CPU
		{450CF85D-32F0-43B3-8E73-4609048DF2E1}.Debug|Any CPU.Build.0 = Debug|Any CPU
		{450CF85D-32F0-43B3-8E73-4609048DF2E1}.Release|Any CPU.ActiveCfg = Release|Any CPU
		{450CF85D-32F0-43B3-8E73-4609048DF2E1}.Release|Any CPU.Build.0 = Release|Any CPU
	EndGlobalSection
	GlobalSection(SolutionProperties) = preSolution
		HideSolutionNode = FALSE
	EndGlobalSection
	GlobalSection(ExtensibilityGlobals) = postSolution
		SolutionGuid = {5FFF341C-AF90-4261-8621-EBCF0ADC7C43}
	EndGlobalSection
EndGlobal
